
Microsoft Visual Studio Solution File, Format Version 12.00
# Visual Studio 15
VisualStudioVersion = 15.0.27130.0
MinimumVisualStudioVersion = 10.0.40219.1
Project("{8BC9CEB8-8B4A-11D0-8D11-00A0C91BC942}") = "MarchingSquares", "MarchingSquares\MarchingSquares.vcxproj", "{161ECF8F-0BF7-40BD-9E97-26C31EDC556A}"
EndProject
Global
	GlobalSection(SolutionConfigurationPlatforms) = preSolution
		Debug|x64 = Debug|x64
		Debug|x86 = Debug|x86
		Release|x64 = Release|x64
		Release|x86 = Release|x86
	EndGlobalSection
	GlobalSection(ProjectConfigurationPlatforms) = postSolution
		{161ECF8F-0BF7-40BD-9E97-26C31EDC556A}.Debug|x64.ActiveCfg = Debug|x64
		{161ECF8F-0BF7-40BD-9E97-26C31EDC556A}.Debug|x64.Build.0 = Debug|x64
		{161ECF8F-0BF7-40BD-9E97-26C31EDC556A}.Debug|x86.ActiveCfg = Debug|Win32
		{161ECF8F-0BF7-40BD-9E97-26C31EDC556A}.Debug|x86.Build.0 = Debug|Win32
		{161ECF8F-0BF7-40BD-9E97-26C31EDC556A}.Release|x64.ActiveCfg = Release|x64
		{161ECF8F-0BF7-40BD-9E97-26C31EDC556A}.Release|x64.Build.0 = Release|x64
		{161ECF8F-0BF7-40BD-9E97-26C31EDC556A}.Release|x86.ActiveCfg = Release|Win32
		{161ECF8F-0BF7-40BD-9E97-26C31EDC556A}.Release|x86.Build.0 = Release|Win32
	EndGlobalSection
	GlobalSection(SolutionProperties) = preSolution
		HideSolutionNode = FALSE
	EndGlobalSection
	GlobalSection(ExtensibilityGlobals) = postSolution
		SolutionGuid = {1147FF4A-31D1-4A4D-841F-79B0DA26CD24}
	EndGlobalSection
EndGlobal
